
Microsoft Visual Studio Solution File, Format Version 12.00
# Visual Studio Version 17
VisualStudioVersion = 17.1.32228.430
MinimumVisualStudioVersion = 10.0.40219.1
Project("{FAE04EC0-301F-11D3-BF4B-00C04F79EFBC}") = "LocationSimulator", "LocationSimulator.csproj", "{A097156C-1D76-4E29-A09F-DF97B4DA5DF6}"
EndProject
Global
	GlobalSection(SolutionConfigurationPlatforms) = preSolution
		Debug|Any CPU = Debug|Any CPU
		Release|Any CPU = Release|Any CPU
	EndGlobalSection
	GlobalSection(ProjectConfigurationPlatforms) = postSolution
		{A097156C-1D76-4E29-A09F-DF97B4DA5DF6}.Debug|Any CPU.ActiveCfg = Debug|Any CPU
		{A097156C-1D76-4E29-A09F-DF97B4DA5DF6}.Debug|Any CPU.Build.0 = Debug|Any CPU
		{A097156C-1D76-4E29-A09F-DF97B4DA5DF6}.Release|Any CPU.ActiveCfg = Release|Any CPU
		{A097156C-1D76-4E29-A09F-DF97B4DA5DF6}.Release|Any CPU.Build.0 = Release|Any CPU
	EndGlobalSection
	GlobalSection(SolutionProperties) = preSolution
		HideSolutionNode = FALSE
	EndGlobalSection
	GlobalSection(ExtensibilityGlobals) = postSolution
		SolutionGuid = {0B111678-C51B-4736-BE9D-FCBDB9887CD7}
	EndGlobalSection
EndGlobal
